
Microsoft Visual Studio Solution File, Format Version 12.00
# Visual Studio Version 17
VisualStudioVersion = 17.8.34511.84
MinimumVisualStudioVersion = 10.0.40219.1
Project("{9A19103F-16F7-4668-BE54-9A1E7A4F7556}") = "TodoList.Platform.Item.API", "src\TodoList.Platform.Item.API\TodoList.Platform.Item.API.csproj", "{38DF40FA-8AE8-4700-9948-5397735A164C}"
EndProject
Project("{2150E333-8FDC-42A3-9474-1A3956D46DE8}") = "Item", "Item", "{F3DC263F-6366-4268-8CC8-966B2BE0EA86}"
EndProject
Project("{2150E333-8FDC-42A3-9474-1A3956D46DE8}") = "src", "src", "{FE4913C0-71B8-4BB1-8495-907187E6AE8F}"
EndProject
Project("{2150E333-8FDC-42A3-9474-1A3956D46DE8}") = "test", "test", "{3FE763B8-3640-4AC4-95E3-7F5FDF157F56}"
EndProject
Project("{9A19103F-16F7-4668-BE54-9A1E7A4F7556}") = "TodoList.Platform.Item.Services", "src\TodoList.Platform.Item.Services\TodoList.Platform.Item.Services.csproj", "{1EBD74D2-9FC2-4CDC-9FCC-693562ACBE30}"
EndProject
Project("{9A19103F-16F7-4668-BE54-9A1E7A4F7556}") = "TodoList.Platform.Item.Repositories", "src\TodoList.Platform.Item.Repositories\TodoList.Platform.Item.Repositories.csproj", "{877E2875-650D-4D91-8E46-F09BE8468FCA}"
EndProject
Project("{9A19103F-16F7-4668-BE54-9A1E7A4F7556}") = "TodoList.Platform.Item.Domain", "src\TodoList.Platform.Item.Domain\TodoList.Platform.Item.Domain.csproj", "{85738D4C-3EDD-4181-ABCB-A0A515E617CB}"
EndProject
Project("{2150E333-8FDC-42A3-9474-1A3956D46DE8}") = "_common", "_common", "{299B00B0-8061-4361-8CF7-588DD258DCE7}"
EndProject
Project("{9A19103F-16F7-4668-BE54-9A1E7A4F7556}") = "TodoList.Platform.Core", "src\TodoList.Platform.Core\TodoList.Platform.Core.csproj", "{D4614A68-A221-4C2C-9167-8A3A8ED0B343}"
EndProject
Project("{2150E333-8FDC-42A3-9474-1A3956D46DE8}") = "User", "User", "{40919524-397A-4091-A76A-CD537E62F5CF}"
EndProject
Project("{2150E333-8FDC-42A3-9474-1A3956D46DE8}") = "src", "src", "{08E1D1B4-1AB0-4385-B296-D9FA195FB171}"
EndProject
Project("{2150E333-8FDC-42A3-9474-1A3956D46DE8}") = "test", "test", "{4C80237B-BD2C-4F37-A73A-63D5476471D2}"
EndProject
Project("{2150E333-8FDC-42A3-9474-1A3956D46DE8}") = "src", "src", "{2EAA2108-6847-45FD-80F1-45289A928E45}"
EndProject
Project("{2150E333-8FDC-42A3-9474-1A3956D46DE8}") = "test", "test", "{11E9CE3B-4D15-42E8-A19B-88527AAC40E5}"
EndProject
Project("{9A19103F-16F7-4668-BE54-9A1E7A4F7556}") = "TodoList.Platform.Domain", "src\TodoList.Platform.Domain\TodoList.Platform.Domain.csproj", "{E635F161-A2B4-4ADF-BB3D-10AFAB2E08B7}"
EndProject
Project("{FAE04EC0-301F-11D3-BF4B-00C04F79EFBC}") = "TodoList.Platform.Common.Repository", "src\TodoList.Platform.Common.Repository\TodoList.Platform.Common.Repository.csproj", "{97D5946A-4EB0-4DF4-8CFC-97F1D804C48E}"
EndProject
Global
	GlobalSection(SolutionConfigurationPlatforms) = preSolution
		Debug|Any CPU = Debug|Any CPU
		Release|Any CPU = Release|Any CPU
	EndGlobalSection
	GlobalSection(ProjectConfigurationPlatforms) = postSolution
		{38DF40FA-8AE8-4700-9948-5397735A164C}.Debug|Any CPU.ActiveCfg = Debug|Any CPU
		{38DF40FA-8AE8-4700-9948-5397735A164C}.Debug|Any CPU.Build.0 = Debug|Any CPU
		{38DF40FA-8AE8-4700-9948-5397735A164C}.Release|Any CPU.ActiveCfg = Release|Any CPU
		{38DF40FA-8AE8-4700-9948-5397735A164C}.Release|Any CPU.Build.0 = Release|Any CPU
		{1EBD74D2-9FC2-4CDC-9FCC-693562ACBE30}.Debug|Any CPU.ActiveCfg = Debug|Any CPU
		{1EBD74D2-9FC2-4CDC-9FCC-693562ACBE30}.Debug|Any CPU.Build.0 = Debug|Any CPU
		{1EBD74D2-9FC2-4CDC-9FCC-693562ACBE30}.Release|Any CPU.ActiveCfg = Release|Any CPU
		{1EBD74D2-9FC2-4CDC-9FCC-693562ACBE30}.Release|Any CPU.Build.0 = Release|Any CPU
		{877E2875-650D-4D91-8E46-F09BE8468FCA}.Debug|Any CPU.ActiveCfg = Debug|Any CPU
		{877E2875-650D-4D91-8E46-F09BE8468FCA}.Debug|Any CPU.Build.0 = Debug|Any CPU
		{877E2875-650D-4D91-8E46-F09BE8468FCA}.Release|Any CPU.ActiveCfg = Release|Any CPU
		{877E2875-650D-4D91-8E46-F09BE8468FCA}.Release|Any CPU.Build.0 = Release|Any CPU
		{85738D4C-3EDD-4181-ABCB-A0A515E617CB}.Debug|Any CPU.ActiveCfg = Debug|Any CPU
		{85738D4C-3EDD-4181-ABCB-A0A515E617CB}.Debug|Any CPU.Build.0 = Debug|Any CPU
		{85738D4C-3EDD-4181-ABCB-A0A515E617CB}.Release|Any CPU.ActiveCfg = Release|Any CPU
		{85738D4C-3EDD-4181-ABCB-A0A515E617CB}.Release|Any CPU.Build.0 = Release|Any CPU
		{D4614A68-A221-4C2C-9167-8A3A8ED0B343}.Debug|Any CPU.ActiveCfg = Debug|Any CPU
		{D4614A68-A221-4C2C-9167-8A3A8ED0B343}.Debug|Any CPU.Build.0 = Debug|Any CPU
		{D4614A68-A221-4C2C-9167-8A3A8ED0B343}.Release|Any CPU.ActiveCfg = Release|Any CPU
		{D4614A68-A221-4C2C-9167-8A3A8ED0B343}.Release|Any CPU.Build.0 = Release|Any CPU
		{E635F161-A2B4-4ADF-BB3D-10AFAB2E08B7}.Debug|Any CPU.ActiveCfg = Debug|Any CPU
		{E635F161-A2B4-4ADF-BB3D-10AFAB2E08B7}.Debug|Any CPU.Build.0 = Debug|Any CPU
		{E635F161-A2B4-4ADF-BB3D-10AFAB2E08B7}.Release|Any CPU.ActiveCfg = Release|Any CPU
		{E635F161-A2B4-4ADF-BB3D-10AFAB2E08B7}.Release|Any CPU.Build.0 = Release|Any CPU
		{97D5946A-4EB0-4DF4-8CFC-97F1D804C48E}.Debug|Any CPU.ActiveCfg = Debug|Any CPU
		{97D5946A-4EB0-4DF4-8CFC-97F1D804C48E}.Debug|Any CPU.Build.0 = Debug|Any CPU
		{97D5946A-4EB0-4DF4-8CFC-97F1D804C48E}.Release|Any CPU.ActiveCfg = Release|Any CPU
		{97D5946A-4EB0-4DF4-8CFC-97F1D804C48E}.Release|Any CPU.Build.0 = Release|Any CPU
	EndGlobalSection
	GlobalSection(SolutionProperties) = preSolution
		HideSolutionNode = FALSE
	EndGlobalSection
	GlobalSection(NestedProjects) = preSolution
		{38DF40FA-8AE8-4700-9948-5397735A164C} = {FE4913C0-71B8-4BB1-8495-907187E6AE8F}
		{FE4913C0-71B8-4BB1-8495-907187E6AE8F} = {F3DC263F-6366-4268-8CC8-966B2BE0EA86}
		{3FE763B8-3640-4AC4-95E3-7F5FDF157F56} = {F3DC263F-6366-4268-8CC8-966B2BE0EA86}
		{1EBD74D2-9FC2-4CDC-9FCC-693562ACBE30} = {FE4913C0-71B8-4BB1-8495-907187E6AE8F}
		{877E2875-650D-4D91-8E46-F09BE8468FCA} = {FE4913C0-71B8-4BB1-8495-907187E6AE8F}
		{85738D4C-3EDD-4181-ABCB-A0A515E617CB} = {FE4913C0-71B8-4BB1-8495-907187E6AE8F}
		{D4614A68-A221-4C2C-9167-8A3A8ED0B343} = {2EAA2108-6847-45FD-80F1-45289A928E45}
		{08E1D1B4-1AB0-4385-B296-D9FA195FB171} = {40919524-397A-4091-A76A-CD537E62F5CF}
		{4C80237B-BD2C-4F37-A73A-63D5476471D2} = {40919524-397A-4091-A76A-CD537E62F5CF}
		{2EAA2108-6847-45FD-80F1-45289A928E45} = {299B00B0-8061-4361-8CF7-588DD258DCE7}
		{11E9CE3B-4D15-42E8-A19B-88527AAC40E5} = {299B00B0-8061-4361-8CF7-588DD258DCE7}
		{E635F161-A2B4-4ADF-BB3D-10AFAB2E08B7} = {2EAA2108-6847-45FD-80F1-45289A928E45}
		{97D5946A-4EB0-4DF4-8CFC-97F1D804C48E} = {2EAA2108-6847-45FD-80F1-45289A928E45}
	EndGlobalSection
	GlobalSection(ExtensibilityGlobals) = postSolution
		SolutionGuid = {37C3C644-8252-41D8-9062-26A0A1895DC7}
	EndGlobalSection
EndGlobal
